// !$*UTF8*$!
{
	archiveVersion = 1;
	classes = {
	};
	objectVersion = 50;
	objects = {

/* Begin PBXBuildFile section */
		FE106CDA245B6AF200042DB1 /* AppDelegate.swift in Sources */ = {isa = PBXBuildFile; fileRef = FE106CD9245B6AF200042DB1 /* AppDelegate.swift */; };
		FE106CDC245B6AF200042DB1 /* SceneDelegate.swift in Sources */ = {isa = PBXBuildFile; fileRef = FE106CDB245B6AF200042DB1 /* SceneDelegate.swift */; };
		FE106CDE245B6AF200042DB1 /* ViewController.swift in Sources */ = {isa = PBXBuildFile; fileRef = FE106CDD245B6AF200042DB1 /* ViewController.swift */; };
		FE106CE1245B6AF200042DB1 /* Main.storyboard in Resources */ = {isa = PBXBuildFile; fileRef = FE106CDF245B6AF200042DB1 /* Main.storyboard */; };
		FE106CE3245B6AF200042DB1 /* Assets.xcassets in Resources */ = {isa = PBXBuildFile; fileRef = FE106CE2245B6AF200042DB1 /* Assets.xcassets */; };
		FE106CE6245B6AF200042DB1 /* LaunchScreen.storyboard in Resources */ = {isa = PBXBuildFile; fileRef = FE106CE4245B6AF200042DB1 /* LaunchScreen.storyboard */; };
/* End PBXBuildFile section */

/* Begin PBXFileReference section */
		FE106CD6245B6AF200042DB1 /* OsseusTest.app */ = {isa = PBXFileReference; explicitFileType = wrapper.application; includeInIndex = 0; path = OsseusTest.app; sourceTree = BUILT_PRODUCTS_DIR; };
		FE106CD9245B6AF200042DB1 /* AppDelegate.swift */ = {isa = PBXFileReference; lastKnownFileType = sourcecode.swift; path = AppDelegate.swift; sourceTree = "<group>"; };
		FE106CDB245B6AF200042DB1 /* SceneDelegate.swift */ = {isa = PBXFileReference; lastKnownFileType = sourcecode.swift; path = SceneDelegate.swift; sourceTree = "<group>"; };
		FE106CDD245B6AF200042DB1 /* ViewController.swift */ = {isa = PBXFileReference; lastKnownFileType = sourcecode.swift; path = ViewController.swift; sourceTree = "<group>"; };
		FE106CE0245B6AF200042DB1 /* Base */ = {isa = PBXFileReference; lastKnownFileType = file.storyboard; name = Base; path = Base.lproj/Main.storyboard; sourceTree = "<group>"; };
		FE106CE2245B6AF200042DB1 /* Assets.xcassets */ = {isa = PBXFileReference; lastKnownFileType = folder.assetcatalog; path = Assets.xcassets; sourceTree = "<group>"; };
		FE106CE5245B6AF200042DB1 /* Base */ = {isa = PBXFileReference; lastKnownFileType = file.storyboard; name = Base; path = Base.lproj/LaunchScreen.storyboard; sourceTree = "<group>"; };
		FE106CE7245B6AF200042DB1 /* Info.plist */ = {isa = PBXFileReference; lastKnownFileType = text.plist.xml; path = Info.plist; sourceTree = "<group>"; };
/* End PBXFileReference section */

/* Begin PBXFrameworksBuildPhase section */
		FE106CD3245B6AF200042DB1 /* Frameworks */ = {
			isa = PBXFrameworksBuildPhase;
			buildActionMask = 2147483647;
			files = (
			);
			runOnlyForDeploymentPostprocessing = 0;
		};
/* End PBXFrameworksBuildPhase section */

/* Begin PBXGroup section */
		FE106CCD245B6AF200042DB1 = {
			isa = PBXGroup;
			children = (
				FE106CD8245B6AF200042DB1 /* OsseusTest */,
				FE106CD7245B6AF200042DB1 /* Products */,
			);
			sourceTree = "<group>";
		};
		FE106CD7245B6AF200042DB1 /* Products */ = {
			isa = PBXGroup;
			children = (
				FE106CD6245B6AF200042DB1 /* OsseusTest.app */,
			);
			name = Products;
			sourceTree = "<group>";
		};
		FE106CD8245B6AF200042DB1 /* OsseusTest */ = {
			isa = PBXGroup;
			children = (
				FE106CD9245B6AF200042DB1 /* AppDelegate.swift */,
				FE106CDB245B6AF200042DB1 /* SceneDelegate.swift */,
				FE106CDD245B6AF200042DB1 /* ViewController.swift */,
				FE106CDF245B6AF200042DB1 /* Main.storyboard */,
				FE106CE2245B6AF200042DB1 /* Assets.xcassets */,
				FE106CE4245B6AF200042DB1 /* LaunchScreen.storyboard */,
				FE106CE7245B6AF200042DB1 /* Info.plist */,
			);
			path = OsseusTest;
			sourceTree = "<group>";
		};
/* End PBXGroup section */

/* Begin PBXNativeTarget section */
		FE106CD5245B6AF200042DB1 /* OsseusTest */ = {
			isa = PBXNativeTarget;
			buildConfigurationList = FE106CEA245B6AF200042DB1 /* Build configuration list for PBXNativeTarget "OsseusTest" */;
			buildPhases = (
				FE106CD2245B6AF200042DB1 /* Sources */,
				FE106CD3245B6AF200042DB1 /* Frameworks */,
				FE106CD4245B6AF200042DB1 /* Resources */,
			);
			buildRules = (
			);
			dependencies = (
			);
			name = OsseusTest;
			productName = OsseusTest;
			productReference = FE106CD6245B6AF200042DB1 /* OsseusTest.app */;
			productType = "com.apple.product-type.application";
		};
/* End PBXNativeTarget section */

/* Begin PBXProject section */
		FE106CCE245B6AF200042DB1 /* Project object */ = {
			isa = PBXProject;
			attributes = {
				LastSwiftUpdateCheck = 1130;
				LastUpgradeCheck = 1130;
				ORGANIZATIONNAME = "Oleksandr Danylenko";
				TargetAttributes = {
					FE106CD5245B6AF200042DB1 = {
						CreatedOnToolsVersion = 11.3.1;
					};
				};
			};
			buildConfigurationList = FE106CD1245B6AF200042DB1 /* Build configuration list for PBXProject "OsseusTest" */;
			compatibilityVersion = "Xcode 9.3";
			developmentRegion = en;
			hasScannedForEncodings = 0;
			knownRegions = (
				en,
				Base,
			);
			mainGroup = FE106CCD245B6AF200042DB1;
			productRefGroup = FE106CD7245B6AF200042DB1 /* Products */;
			projectDirPath = "";
			projectRoot = "";
			targets = (
				FE106CD5245B6AF200042DB1 /* OsseusTest */,
			);
		};
/* End PBXProject section */

/* Begin PBXResourcesBuildPhase section */
		FE106CD4245B6AF200042DB1 /* Resources */ = {
			isa = PBXResourcesBuildPhase;
			buildActionMask = 2147483647;
			files = (
				FE106CE6245B6AF200042DB1 /* LaunchScreen.storyboard in Resources */,
				FE106CE3245B6AF200042DB1 /* Assets.xcassets in Resources */,
				FE106CE1245B6AF200042DB1 /* Main.storyboard in Resources */,
			);
			runOnlyForDeploymentPostprocessing = 0;
		};
/* End PBXResourcesBuildPhase section */

/* Begin PBXSourcesBuildPhase section */
		FE106CD2245B6AF200042DB1 /* Sources */ = {
			isa = PBXSourcesBuildPhase;
			buildActionMask = 2147483647;
			files = (
				FE106CDE245B6AF200042DB1 /* ViewController.swift in Sources */,
				FE106CDA245B6AF200042DB1 /* AppDelegate.swift in Sources */,
				FE106CDC245B6AF200042DB1 /* SceneDelegate.swift in Sources */,
			);
			runOnlyForDeploymentPostprocessing = 0;
		};
/* End PBXSourcesBuildPhase section */

/* Begin PBXVariantGroup section */
		FE106CDF245B6AF200042DB1 /* Main.storyboard */ = {
			isa = PBXVariantGroup;
			children = (
				FE106CE0245B6AF200042DB1 /* Base */,
			);
			name = Main.storyboard;
			sourceTree = "<group>";
		};
		FE106CE4245B6AF200042DB1 /* LaunchScreen.storyboard */ = {
			isa = PBXVariantGroup;
			children = (
				FE106CE5245B6AF200042DB1 /* Base */,
			);
			name = LaunchScreen.storyboard;
			sourceTree = "<group>";
		};
/* End PBXVariantGroup section */

/* Begin XCBuildConfiguration section */
		FE106CE8245B6AF200042DB1 /* Debug */ = {
			isa = XCBuildConfiguration;
			buildSettings = {
				ALWAYS_SEARCH_USER_PATHS = NO;
				CLANG_ANALYZER_NONNULL = YES;
				CLANG_ANALYZER_NUMBER_OBJECT_CONVERSION = YES_AGGRESSIVE;
				CLANG_CXX_LANGUAGE_STANDARD = "gnu++14";
				CLANG_CXX_LIBRARY = "libc++";
				CLANG_ENABLE_MODULES = YES;
				CLANG_ENABLE_OBJC_ARC = YES;
				CLANG_ENABLE_OBJC_WEAK = YES;
				CLANG_WARN_BLOCK_CAPTURE_AUTORELEASING = YES;
				CLANG_WARN_BOOL_CONVERSION = YES;
				CLANG_WARN_COMMA = YES;
				CLANG_WARN_CONSTANT_CONVERSION = YES;
				CLANG_WARN_DEPRECATED_OBJC_IMPLEMENTATIONS = YES;
				CLANG_WARN_DIRECT_OBJC_ISA_USAGE = YES_ERROR;
				CLANG_WARN_DOCUMENTATION_COMMENTS = YES;
				CLANG_WARN_EMPTY_BODY = YES;
				CLANG_WARN_ENUM_CONVERSION = YES;
				CLANG_WARN_INFINITE_RECURSION = YES;
				CLANG_WARN_INT_CONVERSION = YES;
				CLANG_WARN_NON_LITERAL_NULL_CONVERSION = YES;
				CLANG_WARN_OBJC_IMPLICIT_RETAIN_SELF = YES;
				CLANG_WARN_OBJC_LITERAL_CONVERSION = YES;
				CLANG_WARN_OBJC_ROOT_CLASS = YES_ERROR;
				CLANG_WARN_RANGE_LOOP_ANALYSIS = YES;
				CLANG_WARN_STRICT_PROTOTYPES = YES;
				CLANG_WARN_SUSPICIOUS_MOVE = YES;
				CLANG_WARN_UNGUARDED_AVAILABILITY = YES_AGGRESSIVE;
				CLANG_WARN_UNREACHABLE_CODE = YES;
				CLANG_WARN__DUPLICATE_METHOD_MATCH = YES;
				COPY_PHASE_STRIP = NO;
				DEBUG_INFORMATION_FORMAT = dwarf;
				ENABLE_STRICT_OBJC_MSGSEND = YES;
				ENABLE_TESTABILITY = YES;
				GCC_C_LANGUAGE_STANDARD = gnu11;
				GCC_DYNAMIC_NO_PIC = NO;
				GCC_NO_COMMON_BLOCKS = YES;
				GCC_OPTIMIZATION_LEVEL = 0;
				GCC_PREPROCESSOR_DEFINITIONS = (
					"DEBUG=1",
					"$(inherited)",
				);
				GCC_WARN_64_TO_32_BIT_CONVERSION = YES;
				GCC_WARN_ABOUT_RETURN_TYPE = YES_ERROR;
				GCC_WARN_UNDECLARED_SELECTOR = YES;
				GCC_WARN_UNINITIALIZED_AUTOS = YES_AGGRESSIVE;
				GCC_WARN_UNUSED_FUNCTION = YES;
				GCC_WARN_UNUSED_VARIABLE = YES;
				IPHONEOS_DEPLOYMENT_TARGET = 13.2;
				MTL_ENABLE_DEBUG_INFO = INCLUDE_SOURCE;
				MTL_FAST_MATH = YES;
				ONLY_ACTIVE_ARCH = YES;
				SDKROOT = iphoneos;
				SWIFT_ACTIVE_COMPILATION_CONDITIONS = DEBUG;
				SWIFT_OPTIMIZATION_LEVEL = "-Onone";
			};
			name = Debug;
		};
		FE106CE9245B6AF200042DB1 /* Release */ = {
			isa = XCBuildConfiguration;
			buildSettings = {
				ALWAYS_SEARCH_USER_PATHS = NO;
				CLANG_ANALYZER_NONNULL = YES;
				CLANG_ANALYZER_NUMBER_OBJECT_CONVERSION = YES_AGGRESSIVE;
				CLANG_CXX_LANGUAGE_STANDARD = "gnu++14";
				CLANG_CXX_LIBRARY = "libc++";
				CLANG_ENABLE_MODULES = YES;
				CLANG_ENABLE_OBJC_ARC = YES;
				CLANG_ENABLE_OBJC_WEAK = YES;
				CLANG_WARN_BLOCK_CAPTURE_AUTORELEASING = YES;
				CLANG_WARN_BOOL_CONVERSION = YES;
				CLANG_WARN_COMMA = YES;
				CLANG_WARN_CONSTANT_CONVERSION = YES;
				CLANG_WARN_DEPRECATED_OBJC_IMPLEMENTATIONS = YES;
				CLANG_WARN_DIRECT_OBJC_ISA_USAGE = YES_ERROR;
				CLANG_WARN_DOCUMENTATION_COMMENTS = YES;
				CLANG_WARN_EMPTY_BODY = YES;
				CLANG_WARN_ENUM_CONVERSION = YES;
				CLANG_WARN_INFINITE_RECURSION = YES;
				CLANG_WARN_INT_CONVERSION = YES;
				CLANG_WARN_NON_LITERAL_NULL_CONVERSION = YES;
				CLANG_WARN_OBJC_IMPLICIT_RETAIN_SELF = YES;
				CLANG_WARN_OBJC_LITERAL_CONVERSION = YES;
				CLANG_WARN_OBJC_ROOT_CLASS = YES_ERROR;
				CLANG_WARN_RANGE_LOOP_ANALYSIS = YES;
				CLANG_WARN_STRICT_PROTOTYPES = YES;
				CLANG_WARN_SUSPICIOUS_MOVE = YES;
				CLANG_WARN_UNGUARDED_AVAILABILITY = YES_AGGRESSIVE;
				CLANG_WARN_UNREACHABLE_CODE = YES;
				CLANG_WARN__DUPLICATE_METHOD_MATCH = YES;
				COPY_PHASE_STRIP = NO;
				DEBUG_INFORMATION_FORMAT = "dwarf-with-dsym";
				ENABLE_NS_ASSERTIONS = NO;
				ENABLE_STRICT_OBJC_MSGSEND = YES;
				GCC_C_LANGUAGE_STANDARD = gnu11;
				GCC_NO_COMMON_BLOCKS = YES;
				GCC_WARN_64_TO_32_BIT_CONVERSION = YES;
				GCC_WARN_ABOUT_RETURN_TYPE = YES_ERROR;
				GCC_WARN_UNDECLARED_SELECTOR = YES;
				GCC_WARN_UNINITIALIZED_AUTOS = YES_AGGRESSIVE;
				GCC_WARN_UNUSED_FUNCTION = YES;
				GCC_WARN_UNUSED_VARIABLE = YES;
				IPHONEOS_DEPLOYMENT_TARGET = 13.2;
				MTL_ENABLE_DEBUG_INFO = NO;
				MTL_FAST_MATH = YES;
				SDKROOT = iphoneos;
				SWIFT_COMPILATION_MODE = wholemodule;
				SWIFT_OPTIMIZATION_LEVEL = "-O";
				VALIDATE_PRODUCT = YES;
			};
			name = Release;
		};
		FE106CEB245B6AF200042DB1 /* Debug */ = {
			isa = XCBuildConfiguration;
			buildSettings = {
				ASSETCATALOG_COMPILER_APPICON_NAME = AppIcon;
				CODE_SIGN_STYLE = Automatic;
				DEVELOPMENT_TEAM = GYQJTH69YP;
				INFOPLIST_FILE = OsseusTest/Info.plist;
				LD_RUNPATH_SEARCH_PATHS = (
					"$(inherited)",
					"@executable_path/Frameworks",
				);
				PRODUCT_BUNDLE_IDENTIFIER = com.odanylenko.OsseusTest;
				PRODUCT_NAME = "$(TARGET_NAME)";
				SWIFT_VERSION = 5.0;
				TARGETED_DEVICE_FAMILY = "1,2";
			};
			name = Debug;
		};
		FE106CEC245B6AF200042DB1 /* Release */ = {
			isa = XCBuildConfiguration;
			buildSettings = {
				ASSETCATALOG_COMPILER_APPICON_NAME = AppIcon;
				CODE_SIGN_STYLE = Automatic;
				DEVELOPMENT_TEAM = GYQJTH69YP;
				INFOPLIST_FILE = OsseusTest/Info.plist;
				LD_RUNPATH_SEARCH_PATHS = (
					"$(inherited)",
					"@executable_path/Frameworks",
				);
				PRODUCT_BUNDLE_IDENTIFIER = com.odanylenko.OsseusTest;
				PRODUCT_NAME = "$(TARGET_NAME)";
				SWIFT_VERSION = 5.0;
				TARGETED_DEVICE_FAMILY = "1,2";
			};
			name = Release;
		};
/* End XCBuildConfiguration section */

/* Begin XCConfigurationList section */
		FE106CD1245B6AF200042DB1 /* Build configuration list for PBXProject "OsseusTest" */ = {
			isa = XCConfigurationList;
			buildConfigurations = (
				FE106CE8245B6AF200042DB1 /* Debug */,
				FE106CE9245B6AF200042DB1 /* Release */,
			);
			defaultConfigurationIsVisible = 0;
			defaultConfigurationName = Release;
		};
		FE106CEA245B6AF200042DB1 /* Build configuration list for PBXNativeTarget "OsseusTest" */ = {
			isa = XCConfigurationList;
			buildConfigurations = (
				FE106CEB245B6AF200042DB1 /* Debug */,
				FE106CEC245B6AF200042DB1 /* Release */,
			);
			defaultConfigurationIsVisible = 0;
			defaultConfigurationName = Release;
		};
/* End XCConfigurationList section */
	};
	rootObject = FE106CCE245B6AF200042DB1 /* Project object */;
}
